
Microsoft Visual Studio Solution File, Format Version 12.00
# Visual Studio Version 17
VisualStudioVersion = 17.13.35919.96 d17.13
MinimumVisualStudioVersion = 10.0.40219.1
Project("{FAE04EC0-301F-11D3-BF4B-00C04F79EFBC}") = "autobazar", "autobazar\autobazar.csproj", "{AB48FA1C-931E-4F2D-9C73-282CE9849237}"
EndProject
Global
	GlobalSection(SolutionConfigurationPlatforms) = preSolution
		Debug|Any CPU = Debug|Any CPU
		Release|Any CPU = Release|Any CPU
	EndGlobalSection
	GlobalSection(ProjectConfigurationPlatforms) = postSolution
		{AB48FA1C-931E-4F2D-9C73-282CE9849237}.Debug|Any CPU.ActiveCfg = Debug|Any CPU
		{AB48FA1C-931E-4F2D-9C73-282CE9849237}.Debug|Any CPU.Build.0 = Debug|Any CPU
		{AB48FA1C-931E-4F2D-9C73-282CE9849237}.Release|Any CPU.ActiveCfg = Release|Any CPU
		{AB48FA1C-931E-4F2D-9C73-282CE9849237}.Release|Any CPU.Build.0 = Release|Any CPU
	EndGlobalSection
	GlobalSection(SolutionProperties) = preSolution
		HideSolutionNode = FALSE
	EndGlobalSection
	GlobalSection(ExtensibilityGlobals) = postSolution
		SolutionGuid = {C2974779-5C61-4CB8-ABAF-75BA898F65C2}
	EndGlobalSection
EndGlobal
